{
  "name": "good-component",
  "version": "1.0.0",
  "lockfileVersion": 1,
  "requires": true,
  "dependencies": {
    "good-dom": {
      "version": "4.1.2",
      "resolved": "https://registry.npmjs.org/good-dom/-/good-dom-4.1.2.tgz",
      "integrity": "sha512-hiI7HSUjVIAFKyLaxzKrbk8ipzChO4kRWw2WeGxyx+u7TYWLLr0mOGMTNywd0n7p0+FVu3Tq79+MJ2MZJUBhHw=="
    },
    "good-jsx": {
      "version": "1.0.8",
      "resolved": "https://registry.npmjs.org/good-jsx/-/good-jsx-1.0.8.tgz",
      "integrity": "sha512-4RqGfzRqeGe/k6VLb55wwMmV4dueIq/flFvk4aqJOQd2NgTteCgGEqZ+yAuxX2Ifm+ueYfLorrPAERs8RXj1Rg==",
      "requires": {
        "good-dom": "^4.1.2"
      }
    },
    "vue": {
      "version": "2.6.10",
      "resolved": "https://registry.npmjs.org/vue/-/vue-2.6.10.tgz",
      "integrity": "sha512-ImThpeNU9HbdZL3utgMCq0oiMzAkt1mcgy3/E6zWC/G6AaQoeuFdsl9nDhTDU3X1R6FK7nsIUuRACVcjI+A2GQ=="
    }
  }
}
